Microsoft Visual Studio Solution File, Format Version 12.00
# Visual Studio Version 17
VisualStudioVersion = 17.0.31912.275
MinimumVisualStudioVersion = 10.0.40219.1
Project("{FAE04EC0-301F-11D3-BF4B-00C04F79EFBC}") = "ZPv2.Common", "src\ZPv2.Common\ZPv2.Common.csproj", "{A25A42C5-2503-4A5A-B32E-8DCD36FCD301}"
EndProject
Project("{FAE04EC0-301F-11D3-BF4B-00C04F79EFBC}") = "ZPv2.Service", "src\ZPv2.Service\ZPv2.Service.csproj", "{7FA4A7C8-C020-4C00-BE20-D1B848025B4B}"
EndProject
Project("{FAE04EC0-301F-11D3-BF4B-00C04F79EFBC}") = "ZPv2.Ui", "src\ZPv2.Ui\ZPv2.Ui.csproj", "{808DF3F7-D9D5-4A2D-991D-3E38AD64D4D3}"
EndProject
Global
	GlobalSection(SolutionConfigurationPlatforms) = preSolution
		Debug|Any CPU = Debug|Any CPU
		Release|Any CPU = Release|Any CPU
	EndGlobalSection
	GlobalSection(ProjectConfigurationPlatforms) = postSolution
		{A25A42C5-2503-4A5A-B32E-8DCD36FCD301}.Debug|Any CPU.ActiveCfg = Debug|Any CPU
		{A25A42C5-2503-4A5A-B32E-8DCD36FCD301}.Debug|Any CPU.Build.0 = Debug|Any CPU
		{A25A42C5-2503-4A5A-B32E-8DCD36FCD301}.Release|Any CPU.ActiveCfg = Release|Any CPU
		{A25A42C5-2503-4A5A-B32E-8DCD36FCD301}.Release|Any CPU.Build.0 = Release|Any CPU
		{7FA4A7C8-C020-4C00-BE20-D1B848025B4B}.Debug|Any CPU.ActiveCfg = Debug|Any CPU
		{7FA4A7C8-C020-4C00-BE20-D1B848025B4B}.Debug|Any CPU.Build.0 = Debug|Any CPU
		{7FA4A7C8-C020-4C00-BE20-D1B848025B4B}.Release|Any CPU.ActiveCfg = Release|Any CPU
		{7FA4A7C8-C020-4C00-BE20-D1B848025B4B}.Release|Any CPU.Build.0 = Release|Any CPU
		{808DF3F7-D9D5-4A2D-991D-3E38AD64D4D3}.Debug|Any CPU.ActiveCfg = Debug|Any CPU
		{808DF3F7-D9D5-4A2D-991D-3E38AD64D4D3}.Debug|Any CPU.Build.0 = Debug|Any CPU
		{808DF3F7-D9D5-4A2D-991D-3E38AD64D4D3}.Release|Any CPU.ActiveCfg = Release|Any CPU
		{808DF3F7-D9D5-4A2D-991D-3E38AD64D4D3}.Release|Any CPU.Build.0 = Release|Any CPU
	EndGlobalSection
	GlobalSection(SolutionProperties) = preSolution
		HideSolutionNode = FALSE
	EndGlobalSection
EndGlobal
